PODS:
  - AFNetworking (3.2.1):
    - AFNetworking/NSURLSession (= 3.2.1)
    - AFNetworking/Reachability (= 3.2.1)
    - AFNetworking/Security (= 3.2.1)
    - AFNetworking/Serialization (= 3.2.1)
    - AFNetworking/UIKit (= 3.2.1)
  - AFNetworking/NSURLSession (3.2.1):
    - AFNetworking/Reachability
    - AFNetworking/Security
    - AFNetworking/Serialization
  - AFNetworking/Reachability (3.2.1)
  - AFNetworking/Security (3.2.1)
  - AFNetworking/Serialization (3.2.1)
  - AFNetworking/UIKit (3.2.1):
    - AFNetworking/NSURLSession
  - JCore (2.1.2)
  - JPush (3.2.4):
    - JCore (< 3.0.0, >= 2.0.0)

DEPENDENCIES:
  - AFNetworking
  - JPush

SPEC REPOS:
  trunk:
    - AFNetworking
    - JCore
    - JPush

SPEC CHECKSUMS:
  AFNetworking: b6f891fdfaed196b46c7a83cf209e09697b94057
  JCore: 1a426120b510cdebfd67b82bfb9483238ee09413
  JPush: 29466e5f30dbd703f640d70540e411e829cac1fa

PODFILE CHECKSUM: cc65d3071001cc0dba4b2bea050904f805b20d60

COCOAPODS: 1.9.0.beta.3
