// !$*UTF8*$!
{
	archiveVersion = 1;
	classes = {
	};
	objectVersion = 51;
	objects = {

/* Begin PBXBuildFile section */
		54BF1EF122CB03E70079B498 /* AppDelegate+init.m in Sources */ = {isa = PBXBuildFile; fileRef = 54BF1EF022CB03E70079B498 /* AppDelegate+init.m */; };
		54C1AC7923FEDB3D00126734 /* MKCution.bundle in Resources */ = {isa = PBXBuildFile; fileRef = 54C1AC7823FEDB3D00126734 /* MKCution.bundle */; };
		54C1AC7B23FEDC7A00126734 /* MKCution.framework in Frameworks */ = {isa = PBXBuildFile; fileRef = 54C1AC7A23FEDC7900126734 /* MKCution.framework */; };
		54C999A722894848002150E8 /* AppDelegate.m in Sources */ = {isa = PBXBuildFile; fileRef = 54C999A622894848002150E8 /* AppDelegate.m */; };
		54C999AA22894848002150E8 /* ViewController.m in Sources */ = {isa = PBXBuildFile; fileRef = 54C999A922894848002150E8 /* ViewController.m */; };
		54C999B222894849002150E8 /* LaunchScreen.storyboard in Resources */ = {isa = PBXBuildFile; fileRef = 54C999B022894849002150E8 /* LaunchScreen.storyboard */; };
		54C999B522894849002150E8 /* main.m in Sources */ = {isa = PBXBuildFile; fileRef = 54C999B422894849002150E8 /* main.m */; };
		54F6418F232CD81600E7608B /* Images.xcassets in Resources */ = {isa = PBXBuildFile; fileRef = 54F6418E232CD81600E7608B /* Images.xcassets */; };
		A883308DBEDBD9E8298CEA08 /* libPods-XcutionDemo.a in Frameworks */ = {isa = PBXBuildFile; fileRef = 4569C00E5322B13006F8B46D /* libPods-XcutionDemo.a */; };
/* End PBXBuildFile section */

/* Begin PBXFileReference section */
		4569C00E5322B13006F8B46D /* libPods-XcutionDemo.a */ = {isa = PBXFileReference; explicitFileType = archive.ar; includeInIndex = 0; path = "libPods-XcutionDemo.a"; sourceTree = BUILT_PRODUCTS_DIR; };
		54BF1EEF22CB03E70079B498 /* AppDelegate+init.h */ = {isa = PBXFileReference; fileEncoding = 4; lastKnownFileType = sourcecode.c.h; path = "AppDelegate+init.h"; sourceTree = "<group>"; };
		54BF1EF022CB03E70079B498 /* AppDelegate+init.m */ = {isa = PBXFileReference; fileEncoding = 4; lastKnownFileType = sourcecode.c.objc; path = "AppDelegate+init.m"; sourceTree = "<group>"; };
		54C1AC7823FEDB3D00126734 /* MKCution.bundle */ = {isa = PBXFileReference; lastKnownFileType = "wrapper.plug-in"; path = MKCution.bundle; sourceTree = "<group>"; };
		54C1AC7A23FEDC7900126734 /* MKCution.framework */ = {isa = PBXFileReference; lastKnownFileType = wrapper.framework; path = MKCution.framework; sourceTree = "<group>"; };
		54C999A222894848002150E8 /* XcutionDemo.app */ = {isa = PBXFileReference; explicitFileType = wrapper.application; includeInIndex = 0; path = XcutionDemo.app; sourceTree = BUILT_PRODUCTS_DIR; };
		54C999A522894848002150E8 /* AppDelegate.h */ = {isa = PBXFileReference; lastKnownFileType = sourcecode.c.h; path = AppDelegate.h; sourceTree = "<group>"; };
		54C999A622894848002150E8 /* AppDelegate.m */ = {isa = PBXFileReference; lastKnownFileType = sourcecode.c.objc; path = AppDelegate.m; sourceTree = "<group>"; };
		54C999A822894848002150E8 /* ViewController.h */ = {isa = PBXFileReference; lastKnownFileType = sourcecode.c.h; path = ViewController.h; sourceTree = "<group>"; };
		54C999A922894848002150E8 /* ViewController.m */ = {isa = PBXFileReference; lastKnownFileType = sourcecode.c.objc; path = ViewController.m; sourceTree = "<group>"; };
		54C999B122894849002150E8 /* Base */ = {isa = PBXFileReference; lastKnownFileType = file.storyboard; name = Base; path = Base.lproj/LaunchScreen.storyboard; sourceTree = "<group>"; };
		54C999B322894849002150E8 /* Info.plist */ = {isa = PBXFileReference; lastKnownFileType = text.plist.xml; path = Info.plist; sourceTree = "<group>"; };
		54C999B422894849002150E8 /* main.m */ = {isa = PBXFileReference; lastKnownFileType = sourcecode.c.objc; path = main.m; sourceTree = "<group>"; };
		54F6418E232CD81600E7608B /* Images.xcassets */ = {isa = PBXFileReference; lastKnownFileType = folder.assetcatalog; path = Images.xcassets; sourceTree = "<group>"; };
		9BC71165DE1E53D34600F2BE /* Pods-XcutionDemo.release.xcconfig */ = {isa = PBXFileReference; includeInIndex = 1; lastKnownFileType = text.xcconfig; name = "Pods-XcutionDemo.release.xcconfig"; path = "Target Support Files/Pods-XcutionDemo/Pods-XcutionDemo.release.xcconfig"; sourceTree = "<group>"; };
		B6D78A3B254D3EC3649F7EF3 /* Pods-XcutionDemo.debug.xcconfig */ = {isa = PBXFileReference; includeInIndex = 1; lastKnownFileType = text.xcconfig; name = "Pods-XcutionDemo.debug.xcconfig"; path = "Target Support Files/Pods-XcutionDemo/Pods-XcutionDemo.debug.xcconfig"; sourceTree = "<group>"; };
/* End PBXFileReference section */

/* Begin PBXFrameworksBuildPhase section */
		54C9999F22894848002150E8 /* Frameworks */ = {
			isa = PBXFrameworksBuildPhase;
			buildActionMask = 2147483647;
			files = (
				54C1AC7B23FEDC7A00126734 /* MKCution.framework in Frameworks */,
				A883308DBEDBD9E8298CEA08 /* libPods-XcutionDemo.a in Frameworks */,
			);
			runOnlyForDeploymentPostprocessing = 0;
		};
/* End PBXFrameworksBuildPhase section */

/* Begin PBXGroup section */
		460E470464D84A00DC9D79DD /* Frameworks */ = {
			isa = PBXGroup;
			children = (
				4569C00E5322B13006F8B46D /* libPods-XcutionDemo.a */,
			);
			name = Frameworks;
			sourceTree = "<group>";
		};
		54C9999922894848002150E8 = {
			isa = PBXGroup;
			children = (
				54C999A422894848002150E8 /* XcutionDemo */,
				54C999A322894848002150E8 /* Products */,
				995E57D745E011FA6FE157F4 /* Pods */,
				460E470464D84A00DC9D79DD /* Frameworks */,
			);
			sourceTree = "<group>";
		};
		54C999A322894848002150E8 /* Products */ = {
			isa = PBXGroup;
			children = (
				54C999A222894848002150E8 /* XcutionDemo.app */,
			);
			name = Products;
			sourceTree = "<group>";
		};
		54C999A422894848002150E8 /* XcutionDemo */ = {
			isa = PBXGroup;
			children = (
				54C1AC7A23FEDC7900126734 /* MKCution.framework */,
				54C1AC7823FEDB3D00126734 /* MKCution.bundle */,
				54C999A522894848002150E8 /* AppDelegate.h */,
				54C999A622894848002150E8 /* AppDelegate.m */,
				54C999A822894848002150E8 /* ViewController.h */,
				54C999A922894848002150E8 /* ViewController.m */,
				54BF1EEF22CB03E70079B498 /* AppDelegate+init.h */,
				54BF1EF022CB03E70079B498 /* AppDelegate+init.m */,
				54C999B022894849002150E8 /* LaunchScreen.storyboard */,
				54C999B322894849002150E8 /* Info.plist */,
				54C999B422894849002150E8 /* main.m */,
				54F6418E232CD81600E7608B /* Images.xcassets */,
			);
			path = XcutionDemo;
			sourceTree = "<group>";
		};
		995E57D745E011FA6FE157F4 /* Pods */ = {
			isa = PBXGroup;
			children = (
				B6D78A3B254D3EC3649F7EF3 /* Pods-XcutionDemo.debug.xcconfig */,
				9BC71165DE1E53D34600F2BE /* Pods-XcutionDemo.release.xcconfig */,
			);
			path = Pods;
			sourceTree = "<group>";
		};
/* End PBXGroup section */

/* Begin PBXNativeTarget section */
		54C999A122894848002150E8 /* XcutionDemo */ = {
			isa = PBXNativeTarget;
			buildConfigurationList = 54C999CE22894849002150E8 /* Build configuration list for PBXNativeTarget "XcutionDemo" */;
			buildPhases = (
				3BFFB63B01B8A9A4F26C42AD /* [CP] Check Pods Manifest.lock */,
				54C9999E22894848002150E8 /* Sources */,
				54C9999F22894848002150E8 /* Frameworks */,
				54C999A022894848002150E8 /* Resources */,
				09B51758CFA5EA8A37EF4D2D /* [CP] Copy Pods Resources */,
			);
			buildRules = (
			);
			dependencies = (
			);
			name = XcutionDemo;
			productName = XcutionDemo;
			productReference = 54C999A222894848002150E8 /* XcutionDemo.app */;
			productType = "com.apple.product-type.application";
		};
/* End PBXNativeTarget section */

/* Begin PBXProject section */
		54C9999A22894848002150E8 /* Project object */ = {
			isa = PBXProject;
			attributes = {
				LastUpgradeCheck = 1020;
				ORGANIZATIONNAME = x5;
				TargetAttributes = {
					54C999A122894848002150E8 = {
						CreatedOnToolsVersion = 10.2.1;
					};
				};
			};
			buildConfigurationList = 54C9999D22894848002150E8 /* Build configuration list for PBXProject "XcutionDemo" */;
			compatibilityVersion = "Xcode 9.3";
			developmentRegion = en;
			hasScannedForEncodings = 0;
			knownRegions = (
				en,
				Base,
			);
			mainGroup = 54C9999922894848002150E8;
			productRefGroup = 54C999A322894848002150E8 /* Products */;
			projectDirPath = "";
			projectRoot = "";
			targets = (
				54C999A122894848002150E8 /* XcutionDemo */,
			);
		};
/* End PBXProject section */

/* Begin PBXResourcesBuildPhase section */
		54C999A022894848002150E8 /* Resources */ = {
			isa = PBXResourcesBuildPhase;
			buildActionMask = 2147483647;
			files = (
				54C1AC7923FEDB3D00126734 /* MKCution.bundle in Resources */,
				54F6418F232CD81600E7608B /* Images.xcassets in Resources */,
				54C999B222894849002150E8 /* LaunchScreen.storyboard in Resources */,
			);
			runOnlyForDeploymentPostprocessing = 0;
		};
/* End PBXResourcesBuildPhase section */

/* Begin PBXShellScriptBuildPhase section */
		09B51758CFA5EA8A37EF4D2D /* [CP] Copy Pods Resources */ = {
			isa = PBXShellScriptBuildPhase;
			buildActionMask = 2147483647;
			files = (
			);
			inputFileListPaths = (
				"${PODS_ROOT}/Target Support Files/Pods-XcutionDemo/Pods-XcutionDemo-resources-${CONFIGURATION}-input-files.xcfilelist",
			);
			name = "[CP] Copy Pods Resources";
			outputFileListPaths = (
				"${PODS_ROOT}/Target Support Files/Pods-XcutionDemo/Pods-XcutionDemo-resources-${CONFIGURATION}-output-files.xcfilelist",
			);
			runOnlyForDeploymentPostprocessing = 0;
			shellPath = /bin/sh;
			shellScript = "\"${PODS_ROOT}/Target Support Files/Pods-XcutionDemo/Pods-XcutionDemo-resources.sh\"\n";
			showEnvVarsInLog = 0;
		};
		3BFFB63B01B8A9A4F26C42AD /* [CP] Check Pods Manifest.lock */ = {
			isa = PBXShellScriptBuildPhase;
			buildActionMask = 2147483647;
			files = (
			);
			inputFileListPaths = (
			);
			inputPaths = (
				"${PODS_PODFILE_DIR_PATH}/Podfile.lock",
				"${PODS_ROOT}/Manifest.lock",
			);
			name = "[CP] Check Pods Manifest.lock";
			outputFileListPaths = (
			);
			outputPaths = (
				"$(DERIVED_FILE_DIR)/Pods-XcutionDemo-checkManifestLockResult.txt",
			);
			runOnlyForDeploymentPostprocessing = 0;
			shellPath = /bin/sh;
			shellScript = "diff \"${PODS_PODFILE_DIR_PATH}/Podfile.lock\" \"${PODS_ROOT}/Manifest.lock\" > /dev/null\nif [ $? != 0 ] ; then\n    # print error to STDERR\n    echo \"error: The sandbox is not in sync with the Podfile.lock. Run 'pod install' or update your CocoaPods installation.\" >&2\n    exit 1\nfi\n# This output is used by Xcode 'outputs' to avoid re-running this script phase.\necho \"SUCCESS\" > \"${SCRIPT_OUTPUT_FILE_0}\"\n";
			showEnvVarsInLog = 0;
		};
/* End PBXShellScriptBuildPhase section */

/* Begin PBXSourcesBuildPhase section */
		54C9999E22894848002150E8 /* Sources */ = {
			isa = PBXSourcesBuildPhase;
			buildActionMask = 2147483647;
			files = (
				54BF1EF122CB03E70079B498 /* AppDelegate+init.m in Sources */,
				54C999AA22894848002150E8 /* ViewController.m in Sources */,
				54C999B522894849002150E8 /* main.m in Sources */,
				54C999A722894848002150E8 /* AppDelegate.m in Sources */,
			);
			runOnlyForDeploymentPostprocessing = 0;
		};
/* End PBXSourcesBuildPhase section */

/* Begin PBXVariantGroup section */
		54C999B022894849002150E8 /* LaunchScreen.storyboard */ = {
			isa = PBXVariantGroup;
			children = (
				54C999B122894849002150E8 /* Base */,
			);
			name = LaunchScreen.storyboard;
			sourceTree = "<group>";
		};
/* End PBXVariantGroup section */

/* Begin XCBuildConfiguration section */
		54C999CC22894849002150E8 /* Debug */ = {
			isa = XCBuildConfiguration;
			buildSettings = {
				ALWAYS_SEARCH_USER_PATHS = NO;
				CLANG_ANALYZER_NONNULL = YES;
				CLANG_ANALYZER_NUMBER_OBJECT_CONVERSION = YES_AGGRESSIVE;
				CLANG_CXX_LANGUAGE_STANDARD = "gnu++14";
				CLANG_CXX_LIBRARY = "libc++";
				CLANG_ENABLE_MODULES = YES;
				CLANG_ENABLE_OBJC_ARC = YES;
				CLANG_ENABLE_OBJC_WEAK = YES;
				CLANG_WARN_BLOCK_CAPTURE_AUTORELEASING = YES;
				CLANG_WARN_BOOL_CONVERSION = YES;
				CLANG_WARN_COMMA = YES;
				CLANG_WARN_CONSTANT_CONVERSION = YES;
				CLANG_WARN_DEPRECATED_OBJC_IMPLEMENTATIONS = YES;
				CLANG_WARN_DIRECT_OBJC_ISA_USAGE = YES_ERROR;
				CLANG_WARN_DOCUMENTATION_COMMENTS = YES;
				CLANG_WARN_EMPTY_BODY = YES;
				CLANG_WARN_ENUM_CONVERSION = YES;
				CLANG_WARN_INFINITE_RECURSION = YES;
				CLANG_WARN_INT_CONVERSION = YES;
				CLANG_WARN_NON_LITERAL_NULL_CONVERSION = YES;
				CLANG_WARN_OBJC_IMPLICIT_RETAIN_SELF = YES;
				CLANG_WARN_OBJC_LITERAL_CONVERSION = YES;
				CLANG_WARN_OBJC_ROOT_CLASS = YES_ERROR;
				CLANG_WARN_RANGE_LOOP_ANALYSIS = YES;
				CLANG_WARN_STRICT_PROTOTYPES = YES;
				CLANG_WARN_SUSPICIOUS_MOVE = YES;
				CLANG_WARN_UNGUARDED_AVAILABILITY = YES_AGGRESSIVE;
				CLANG_WARN_UNREACHABLE_CODE = YES;
				CLANG_WARN__DUPLICATE_METHOD_MATCH = YES;
				CODE_SIGN_IDENTITY = "iPhone Developer";
				COPY_PHASE_STRIP = NO;
				DEBUG_INFORMATION_FORMAT = dwarf;
				ENABLE_STRICT_OBJC_MSGSEND = YES;
				ENABLE_TESTABILITY = YES;
				GCC_C_LANGUAGE_STANDARD = gnu11;
				GCC_DYNAMIC_NO_PIC = NO;
				GCC_NO_COMMON_BLOCKS = YES;
				GCC_OPTIMIZATION_LEVEL = 0;
				GCC_PREPROCESSOR_DEFINITIONS = (
					"DEBUG=1",
					"$(inherited)",
				);
				GCC_WARN_64_TO_32_BIT_CONVERSION = YES;
				GCC_WARN_ABOUT_RETURN_TYPE = YES_ERROR;
				GCC_WARN_UNDECLARED_SELECTOR = YES;
				GCC_WARN_UNINITIALIZED_AUTOS = YES_AGGRESSIVE;
				GCC_WARN_UNUSED_FUNCTION = YES;
				GCC_WARN_UNUSED_VARIABLE = YES;
				IPHONEOS_DEPLOYMENT_TARGET = 12.2;
				MTL_ENABLE_DEBUG_INFO = INCLUDE_SOURCE;
				MTL_FAST_MATH = YES;
				ONLY_ACTIVE_ARCH = YES;
				SDKROOT = iphoneos;
			};
			name = Debug;
		};
		54C999CD22894849002150E8 /* Release */ = {
			isa = XCBuildConfiguration;
			buildSettings = {
				ALWAYS_SEARCH_USER_PATHS = NO;
				CLANG_ANALYZER_NONNULL = YES;
				CLANG_ANALYZER_NUMBER_OBJECT_CONVERSION = YES_AGGRESSIVE;
				CLANG_CXX_LANGUAGE_STANDARD = "gnu++14";
				CLANG_CXX_LIBRARY = "libc++";
				CLANG_ENABLE_MODULES = YES;
				CLANG_ENABLE_OBJC_ARC = YES;
				CLANG_ENABLE_OBJC_WEAK = YES;
				CLANG_WARN_BLOCK_CAPTURE_AUTORELEASING = YES;
				CLANG_WARN_BOOL_CONVERSION = YES;
				CLANG_WARN_COMMA = YES;
				CLANG_WARN_CONSTANT_CONVERSION = YES;
				CLANG_WARN_DEPRECATED_OBJC_IMPLEMENTATIONS = YES;
				CLANG_WARN_DIRECT_OBJC_ISA_USAGE = YES_ERROR;
				CLANG_WARN_DOCUMENTATION_COMMENTS = YES;
				CLANG_WARN_EMPTY_BODY = YES;
				CLANG_WARN_ENUM_CONVERSION = YES;
				CLANG_WARN_INFINITE_RECURSION = YES;
				CLANG_WARN_INT_CONVERSION = YES;
				CLANG_WARN_NON_LITERAL_NULL_CONVERSION = YES;
				CLANG_WARN_OBJC_IMPLICIT_RETAIN_SELF = YES;
				CLANG_WARN_OBJC_LITERAL_CONVERSION = YES;
				CLANG_WARN_OBJC_ROOT_CLASS = YES_ERROR;
				CLANG_WARN_RANGE_LOOP_ANALYSIS = YES;
				CLANG_WARN_STRICT_PROTOTYPES = YES;
				CLANG_WARN_SUSPICIOUS_MOVE = YES;
				CLANG_WARN_UNGUARDED_AVAILABILITY = YES_AGGRESSIVE;
				CLANG_WARN_UNREACHABLE_CODE = YES;
				CLANG_WARN__DUPLICATE_METHOD_MATCH = YES;
				CODE_SIGN_IDENTITY = "iPhone Developer";
				COPY_PHASE_STRIP = NO;
				DEBUG_INFORMATION_FORMAT = "dwarf-with-dsym";
				ENABLE_NS_ASSERTIONS = NO;
				ENABLE_STRICT_OBJC_MSGSEND = YES;
				GCC_C_LANGUAGE_STANDARD = gnu11;
				GCC_NO_COMMON_BLOCKS = YES;
				GCC_WARN_64_TO_32_BIT_CONVERSION = YES;
				GCC_WARN_ABOUT_RETURN_TYPE = YES_ERROR;
				GCC_WARN_UNDECLARED_SELECTOR = YES;
				GCC_WARN_UNINITIALIZED_AUTOS = YES_AGGRESSIVE;
				GCC_WARN_UNUSED_FUNCTION = YES;
				GCC_WARN_UNUSED_VARIABLE = YES;
				IPHONEOS_DEPLOYMENT_TARGET = 12.2;
				MTL_ENABLE_DEBUG_INFO = NO;
				MTL_FAST_MATH = YES;
				SDKROOT = iphoneos;
				VALIDATE_PRODUCT = YES;
			};
			name = Release;
		};
		54C999CF22894849002150E8 /* Debug */ = {
			isa = XCBuildConfiguration;
			baseConfigurationReference = B6D78A3B254D3EC3649F7EF3 /* Pods-XcutionDemo.debug.xcconfig */;
			buildSettings = {
				ASSETCATALOG_COMPILER_APPICON_NAME = AppIcon;
				CODE_SIGN_STYLE = Manual;
				COMPILER_INDEX_STORE_ENABLE = NO;
				DEVELOPMENT_TEAM = RF6ZD87YD6;
				ENABLE_BITCODE = NO;
				FRAMEWORK_SEARCH_PATHS = (
					"$(inherited)",
					"$(PROJECT_DIR)/XcutionDemo",
				);
				GCC_VERSION = "";
				INFOPLIST_FILE = XcutionDemo/Info.plist;
				IPHONEOS_DEPLOYMENT_TARGET = 8.0;
				LD_RUNPATH_SEARCH_PATHS = (
					"$(inherited)",
					"@executable_path/Frameworks",
				);
				PRODUCT_BUNDLE_IDENTIFIER = com.XcutionA;
				PRODUCT_NAME = "$(TARGET_NAME)";
				PROVISIONING_PROFILE_SPECIFIER = xiaoyouTest;
				TARGETED_DEVICE_FAMILY = "1,2";
			};
			name = Debug;
		};
		54C999D022894849002150E8 /* Release */ = {
			isa = XCBuildConfiguration;
			baseConfigurationReference = 9BC71165DE1E53D34600F2BE /* Pods-XcutionDemo.release.xcconfig */;
			buildSettings = {
				ASSETCATALOG_COMPILER_APPICON_NAME = AppIcon;
				CODE_SIGN_STYLE = Manual;
				COMPILER_INDEX_STORE_ENABLE = NO;
				DEVELOPMENT_TEAM = P69CLQ4JSV;
				ENABLE_BITCODE = NO;
				FRAMEWORK_SEARCH_PATHS = (
					"$(inherited)",
					"$(PROJECT_DIR)/XcutionDemo",
				);
				GCC_VERSION = "";
				INFOPLIST_FILE = XcutionDemo/Info.plist;
				IPHONEOS_DEPLOYMENT_TARGET = 8.0;
				LD_RUNPATH_SEARCH_PATHS = (
					"$(inherited)",
					"@executable_path/Frameworks",
				);
				PRODUCT_BUNDLE_IDENTIFIER = com.XcutionA;
				PRODUCT_NAME = "$(TARGET_NAME)";
				PROVISIONING_PROFILE_SPECIFIER = haitouDev;
				TARGETED_DEVICE_FAMILY = "1,2";
			};
			name = Release;
		};
/* End XCBuildConfiguration section */

/* Begin XCConfigurationList section */
		54C9999D22894848002150E8 /* Build configuration list for PBXProject "XcutionDemo" */ = {
			isa = XCConfigurationList;
			buildConfigurations = (
				54C999CC22894849002150E8 /* Debug */,
				54C999CD22894849002150E8 /* Release */,
			);
			defaultConfigurationIsVisible = 0;
			defaultConfigurationName = Release;
		};
		54C999CE22894849002150E8 /* Build configuration list for PBXNativeTarget "XcutionDemo" */ = {
			isa = XCConfigurationList;
			buildConfigurations = (
				54C999CF22894849002150E8 /* Debug */,
				54C999D022894849002150E8 /* Release */,
			);
			defaultConfigurationIsVisible = 0;
			defaultConfigurationName = Release;
		};
/* End XCConfigurationList section */
	};
	rootObject = 54C9999A22894848002150E8 /* Project object */;
}
